
Microsoft Visual Studio Solution File, Format Version 12.00
# Visual Studio 15
VisualStudioVersion = 15.0.26430.16
MinimumVisualStudioVersion = 10.0.40219.1
Project("{F2A71F9B-5D33-465A-A702-920D77279786}") = "hello-world", "hello-world\hello-world.fsproj", "{93E0D5B9-ADA9-457A-A49E-6F482FD237EB}"
EndProject
Project("{F2A71F9B-5D33-465A-A702-920D77279786}") = "leap", "leap\leap.fsproj", "{A76EDC09-44C9-4011-B3A9-B13D9783ADBB}"
EndProject
Project("{F2A71F9B-5D33-465A-A702-920D77279786}") = "bob", "bob\bob.fsproj", "{07307B4D-543D-4995-B3E3-ED69CA00D605}"
EndProject
Global
	GlobalSection(SolutionConfigurationPlatforms) = preSolution
		Debug|Any CPU = Debug|Any CPU
		Release|Any CPU = Release|Any CPU
	EndGlobalSection
	GlobalSection(ProjectConfigurationPlatforms) = postSolution
		{93E0D5B9-ADA9-457A-A49E-6F482FD237EB}.Debug|Any CPU.ActiveCfg = Debug|Any CPU
		{93E0D5B9-ADA9-457A-A49E-6F482FD237EB}.Debug|Any CPU.Build.0 = Debug|Any CPU
		{93E0D5B9-ADA9-457A-A49E-6F482FD237EB}.Release|Any CPU.ActiveCfg = Release|Any CPU
		{93E0D5B9-ADA9-457A-A49E-6F482FD237EB}.Release|Any CPU.Build.0 = Release|Any CPU
		{A76EDC09-44C9-4011-B3A9-B13D9783ADBB}.Debug|Any CPU.ActiveCfg = Debug|Any CPU
		{A76EDC09-44C9-4011-B3A9-B13D9783ADBB}.Debug|Any CPU.Build.0 = Debug|Any CPU
		{A76EDC09-44C9-4011-B3A9-B13D9783ADBB}.Release|Any CPU.ActiveCfg = Release|Any CPU
		{A76EDC09-44C9-4011-B3A9-B13D9783ADBB}.Release|Any CPU.Build.0 = Release|Any CPU
		{07307B4D-543D-4995-B3E3-ED69CA00D605}.Debug|Any CPU.ActiveCfg = Debug|Any CPU
		{07307B4D-543D-4995-B3E3-ED69CA00D605}.Debug|Any CPU.Build.0 = Debug|Any CPU
		{07307B4D-543D-4995-B3E3-ED69CA00D605}.Release|Any CPU.ActiveCfg = Release|Any CPU
		{07307B4D-543D-4995-B3E3-ED69CA00D605}.Release|Any CPU.Build.0 = Release|Any CPU
	EndGlobalSection
	GlobalSection(SolutionProperties) = preSolution
		HideSolutionNode = FALSE
	EndGlobalSection
EndGlobal
